
Microsoft Visual Studio Solution File, Format Version 12.00
# Visual Studio Version 17
VisualStudioVersion = 17.5.002.0
MinimumVisualStudioVersion = 10.0.40219.1
Project("{9A19103F-16F7-4668-BE54-9A1E7A4F7556}") = "CodingChallenge", "CodingChallenge.csproj", "{2C32CEB9-CA3E-450C-9720-511AE896BB22}"
EndProject
Project("{9A19103F-16F7-4668-BE54-9A1E7A4F7556}") = "ShapeCalculator.Tests", "ShapeCalculator.Tests\ShapeCalculator.Tests.csproj", "{1EE255F9-16DD-41EE-875F-D307AAD3FA70}"
EndProject
Global
	GlobalSection(SolutionConfigurationPlatforms) = preSolution
		Debug|Any CPU = Debug|Any CPU
		Release|Any CPU = Release|Any CPU
	EndGlobalSection
	GlobalSection(ProjectConfigurationPlatforms) = postSolution
		{2C32CEB9-CA3E-450C-9720-511AE896BB22}.Debug|Any CPU.ActiveCfg = Debug|Any CPU
		{2C32CEB9-CA3E-450C-9720-511AE896BB22}.Debug|Any CPU.Build.0 = Debug|Any CPU
		{2C32CEB9-CA3E-450C-9720-511AE896BB22}.Release|Any CPU.ActiveCfg = Release|Any CPU
		{2C32CEB9-CA3E-450C-9720-511AE896BB22}.Release|Any CPU.Build.0 = Release|Any CPU
		{1EE255F9-16DD-41EE-875F-D307AAD3FA70}.Debug|Any CPU.ActiveCfg = Debug|Any CPU
		{1EE255F9-16DD-41EE-875F-D307AAD3FA70}.Debug|Any CPU.Build.0 = Debug|Any CPU
		{1EE255F9-16DD-41EE-875F-D307AAD3FA70}.Release|Any CPU.ActiveCfg = Release|Any CPU
		{1EE255F9-16DD-41EE-875F-D307AAD3FA70}.Release|Any CPU.Build.0 = Release|Any CPU
	EndGlobalSection
	GlobalSection(SolutionProperties) = preSolution
		HideSolutionNode = FALSE
	EndGlobalSection
	GlobalSection(ExtensibilityGlobals) = postSolution
		SolutionGuid = {1BFDFBFF-68D8-4D3A-A39A-C237A9AB637C}
	EndGlobalSection
EndGlobal
